hash: 49531ce252ff5de658f4f49ba16bfc00bb9309954707020b3ca210c65020d21d
updated: 2017-10-21T19:54:33.729397-07:00
imports:
- name: github.com/andybalholm/cascadia
  version: 349dd0209470eabd9514242c688c403c0926d266
- name: github.com/asaskevich/govalidator
  version: ddb193b4c7bfa1d1c1923ae05a1ee8fb0cd45cf3
- name: github.com/briandowns/spinner
  version: 48dbb65d7bd5c74ab50d53d04c949f20e3d14944
- name: github.com/docker/go-units
  version: 0dadbb0345b35ec7ef35e228dabb8de89a65bf52
- name: github.com/fatih/color
  version: 5df930a27be2502f99b292b7cc09ebad4d0891f4
- name: github.com/go-openapi/analysis
  version: 8ed83f2ea9f00f945516462951a288eaa68bf0d6
- name: github.com/go-openapi/errors
  version: 03cfca65330da08a5a440053faf994a3c682b5bf
- name: github.com/go-openapi/jsonpointer
  version: 779f45308c19820f1a69e9a4cd965f496e0da10f
- name: github.com/go-openapi/jsonreference
  version: 36d33bfe519efae5632669801b180bf1a245da3b
- name: github.com/go-openapi/loads
  version: c3e1ca4c0b6160cac10aeef7e8b425cc95b9c820
- name: github.com/go-openapi/runtime
  version: e8231e16de5bcda9839e03ae07c5c96a1fd82041
  subpackages:
  - flagext
  - middleware
  - middleware/denco
  - middleware/header
  - middleware/untyped
  - security
- name: github.com/go-openapi/spec
  version: 84b5bee7bcb76f3d17bcbaf421bac44bd5709ca6
- name: github.com/go-openapi/strfmt
  version: 610b6cacdcde6852f4de68998bd20ce1dac85b22
- name: github.com/go-openapi/swag
  version: f3f9494671f93fcff853e3c6e9e948b3eb71e590
- name: github.com/go-openapi/validate
  version: b6cfc35bf312e6fb320d85ed9fc3ac408dcb8694
- name: github.com/gogo/protobuf
  version: 100ba4e885062801d56799d78530b73b178a78f3
  subpackages:
  - proto
- name: github.com/golang/protobuf
  version: 130e6b02ab059e7b717a096f397c5b60111cae74
  subpackages:
  - proto
  - ptypes/any
- name: github.com/jessevdk/go-flags
  version: f88afde2fa19a30cf50ba4b05b3d13bc6bae3079
- name: github.com/mailru/easyjson
  version: efb36c3268025336c3cdd805e3be5f88d1f62b73
  subpackages:
  - buffer
  - jlexer
  - jwriter
- name: github.com/mattn/go-colorable
  version: 5411d3eea5978e6cdc258b30de592b60df6aba96
  repo: https://github.com/mattn/go-colorable
- name: github.com/mattn/go-isatty
  version: 57fdcb988a5c543893cc61bce354a6e24ab70022
  repo: https://github.com/mattn/go-isatty
- name: github.com/mitchellh/mapstructure
  version: 06020f85339e21b2478f756a78e295255ffa4d6a
- name: github.com/pborman/uuid
  version: e790cca94e6cc75c7064b1332e63811d4aae1a53
- name: github.com/PuerkitoBio/goquery
  version: 8806ada2a4ab225c06e9106f9631be80932db7ce
- name: github.com/PuerkitoBio/purell
  version: fd18e053af8a4ff11039269006e8037ff374ce0e
- name: github.com/PuerkitoBio/urlesc
  version: de5bf2ad457846296e2031421a34e2568e304e35
- name: github.com/rakyll/statik
  version: 016ca6fdb1b26618ff8f53fbd1109ff834524f23
  subpackages:
  - fs
- name: github.com/rs/cors
  version: eabcc6af4bbe5ad3a949d36450326a2b0b9894b8
- name: github.com/tylerb/graceful
  version: d72b0151351a13d0421b763b88f791469c4f5dc7
- name: go.uber.org/atomic
  version: 4e336646b2ef9fc6e47be8e21594178f98e5ebcf
- name: go.uber.org/zap
  version: 300d56ffb8cc64ae052901970de2220411d201f7
  subpackages:
  - buffer
  - internal/bufferpool
  - internal/color
  - internal/exit
  - internal/multierror
  - zapcore
- name: golang.org/x/net
  version: 30f03014b4f11f9f238fdeca8cca734746a24fbb
  subpackages:
  - context
  - html
  - html/atom
  - http2
  - http2/hpack
  - idna
  - internal/timeseries
  - lex/httplex
  - trace
- name: golang.org/x/sys
  version: e24f485414aeafb646f6fca458b0bf869c0880a1
  repo: https://go.googlesource.com/sys
  subpackages:
  - unix
- name: golang.org/x/text
  version: c01e4764d870b77f8abe5096ee19ad20d80e8075
  subpackages:
  - secure/bidirule
  - transform
  - unicode/bidi
  - unicode/norm
  - width
- name: google.golang.org/genproto
  version: f676e0f3ac6395ff1a529ae59a6670878a8371a6
  subpackages:
  - googleapis/rpc/status
- name: google.golang.org/grpc
  version: 1d797552aeb8789a732a9f8f5bee2ff2bae3e34c
  subpackages:
  - codes
  - credentials
  - grpclb/grpc_lb_v1
  - grpclog
  - internal
  - keepalive
  - metadata
  - naming
  - peer
  - stats
  - status
  - tap
  - transport
- name: gopkg.in/mgo.v2
  version: 3f83fa5005286a7fe593b055f0d7771a7dce4655
  subpackages:
  - bson
  - internal/json
- name: gopkg.in/urfave/cli.v1
  version: cfb38830724cc34fedffe9a2a29fb54fa9169cd1
- name: gopkg.in/yaml.v2
  version: cd8b52f8269e0feb286dfeef29f8fe4d5b397e0b
testImports: []
