hash: 49531ce252ff5de658f4f49ba16bfc00bb9309954707020b3ca210c65020d21d
updated: 2017-10-07T04:24:29.638686-07:00
imports:
- name: github.com/andybalholm/cascadia
  version: 349dd0209470eabd9514242c688c403c0926d266
- name: github.com/pborman/uuid
  version: e790cca94e6cc75c7064b1332e63811d4aae1a53
- name: github.com/PuerkitoBio/goquery
  version: 8806ada2a4ab225c06e9106f9631be80932db7ce
- name: go.uber.org/atomic
  version: 4e336646b2ef9fc6e47be8e21594178f98e5ebcf
- name: go.uber.org/zap
  version: 300d56ffb8cc64ae052901970de2220411d201f7
  subpackages:
  - buffer
  - internal/bufferpool
  - internal/color
  - internal/exit
  - internal/multierror
  - zapcore
- name: golang.org/x/net
  version: 30f03014b4f11f9f238fdeca8cca734746a24fbb
  subpackages:
  - html
  - html/atom
- name: gopkg.in/urfave/cli.v1
  version: cfb38830724cc34fedffe9a2a29fb54fa9169cd1
testImports: []
